
Microsoft Visual Studio Solution File, Format Version 12.00
# Visual Studio Version 17
VisualStudioVersion = 17.4.33103.184
MinimumVisualStudioVersion = 10.0.40219.1
Project("{FAE04EC0-301F-11D3-BF4B-00C04F79EFBC}") = "BanzHow", "BanzHow\BanzHow.csproj", "{D9572E1D-DF10-496B-A7D4-9D9390943723}"
EndProject
Global
	GlobalSection(SolutionConfigurationPlatforms) = preSolution
		Debug|Any CPU = Debug|Any CPU
		Release|Any CPU = Release|Any CPU
	EndGlobalSection
	GlobalSection(ProjectConfigurationPlatforms) = postSolution
		{D9572E1D-DF10-496B-A7D4-9D9390943723}.Debug|Any CPU.ActiveCfg = Debug|Any CPU
		{D9572E1D-DF10-496B-A7D4-9D9390943723}.Debug|Any CPU.Build.0 = Debug|Any CPU
		{D9572E1D-DF10-496B-A7D4-9D9390943723}.Release|Any CPU.ActiveCfg = Release|Any CPU
		{D9572E1D-DF10-496B-A7D4-9D9390943723}.Release|Any CPU.Build.0 = Release|Any CPU
	EndGlobalSection
	GlobalSection(SolutionProperties) = preSolution
		HideSolutionNode = FALSE
	EndGlobalSection
	GlobalSection(ExtensibilityGlobals) = postSolution
		SolutionGuid = {CE5D5649-61E0-443D-9233-F800C8A82F8A}
	EndGlobalSection
EndGlobal
